
Microsoft Visual Studio Solution File, Format Version 12.00
# Visual Studio Version 16
VisualStudioVersion = 16.0.29424.173
MinimumVisualStudioVersion = 10.0.40219.1
Project("{FAE04EC0-301F-11D3-BF4B-00C04F79EFBC}") = "AddStudentsUsingList", "AddStudentsUsingList\AddStudentsUsingList.csproj", "{500593B9-706C-4075-9EEB-D7CD048CD07A}"
EndProject
Global
	GlobalSection(SolutionConfigurationPlatforms) = preSolution
		Debug|Any CPU = Debug|Any CPU
		Release|Any CPU = Release|Any CPU
	EndGlobalSection
	GlobalSection(ProjectConfigurationPlatforms) = postSolution
		{500593B9-706C-4075-9EEB-D7CD048CD07A}.Debug|Any CPU.ActiveCfg = Debug|Any CPU
		{500593B9-706C-4075-9EEB-D7CD048CD07A}.Debug|Any CPU.Build.0 = Debug|Any CPU
		{500593B9-706C-4075-9EEB-D7CD048CD07A}.Release|Any CPU.ActiveCfg = Release|Any CPU
		{500593B9-706C-4075-9EEB-D7CD048CD07A}.Release|Any CPU.Build.0 = Release|Any CPU
	EndGlobalSection
	GlobalSection(SolutionProperties) = preSolution
		HideSolutionNode = FALSE
	EndGlobalSection
	GlobalSection(ExtensibilityGlobals) = postSolution
		SolutionGuid = {AD6E001B-2001-45F7-8A42-57DD1425CE87}
	EndGlobalSection
EndGlobal
